
Microsoft Visual Studio Solution File, Format Version 12.00
# Visual Studio Version 17
VisualStudioVersion = 17.0.31903.59
MinimumVisualStudioVersion = 10.0.40219.1
Project("{FAE04EC0-301F-11D3-BF4B-00C04F79EFBC}") = "OrderService", "OrderService\OrderService.csproj", "{732AE4AA-66C9-44E9-A87F-E26454D9A2B4}"
EndProject
Project("{FAE04EC0-301F-11D3-BF4B-00C04F79EFBC}") = "PaymentService", "PaymentService\PaymentService.csproj", "{D8BDD0EC-40CE-4989-AE89-22D642C499D5}"
EndProject
Project("{FAE04EC0-301F-11D3-BF4B-00C04F79EFBC}") = "InventoryService", "InventoryService\InventoryService.csproj", "{30A77585-9061-4F51-8165-DD97EB7EEA69}"
EndProject
Global
	GlobalSection(SolutionConfigurationPlatforms) = preSolution
		Debug|Any CPU = Debug|Any CPU
		Release|Any CPU = Release|Any CPU
	EndGlobalSection
	GlobalSection(SolutionProperties) = preSolution
		HideSolutionNode = FALSE
	EndGlobalSection
	GlobalSection(ProjectConfigurationPlatforms) = postSolution
		{732AE4AA-66C9-44E9-A87F-E26454D9A2B4}.Debug|Any CPU.ActiveCfg = Debug|Any CPU
		{732AE4AA-66C9-44E9-A87F-E26454D9A2B4}.Debug|Any CPU.Build.0 = Debug|Any CPU
		{732AE4AA-66C9-44E9-A87F-E26454D9A2B4}.Release|Any CPU.ActiveCfg = Release|Any CPU
		{732AE4AA-66C9-44E9-A87F-E26454D9A2B4}.Release|Any CPU.Build.0 = Release|Any CPU
		{D8BDD0EC-40CE-4989-AE89-22D642C499D5}.Debug|Any CPU.ActiveCfg = Debug|Any CPU
		{D8BDD0EC-40CE-4989-AE89-22D642C499D5}.Debug|Any CPU.Build.0 = Debug|Any CPU
		{D8BDD0EC-40CE-4989-AE89-22D642C499D5}.Release|Any CPU.ActiveCfg = Release|Any CPU
		{D8BDD0EC-40CE-4989-AE89-22D642C499D5}.Release|Any CPU.Build.0 = Release|Any CPU
		{30A77585-9061-4F51-8165-DD97EB7EEA69}.Debug|Any CPU.ActiveCfg = Debug|Any CPU
		{30A77585-9061-4F51-8165-DD97EB7EEA69}.Debug|Any CPU.Build.0 = Debug|Any CPU
		{30A77585-9061-4F51-8165-DD97EB7EEA69}.Release|Any CPU.ActiveCfg = Release|Any CPU
		{30A77585-9061-4F51-8165-DD97EB7EEA69}.Release|Any CPU.Build.0 = Release|Any CPU
	EndGlobalSection
EndGlobal
